
Microsoft Visual Studio Solution File, Format Version 12.00
# Visual Studio Version 16
VisualStudioVersion = 16.0.31205.134
MinimumVisualStudioVersion = 10.0.40219.1
Project("{FAE04EC0-301F-11D3-BF4B-00C04F79EFBC}") = "SaveTaskSample", "SaveTaskSample\SaveTaskSample.csproj", "{8AF2ADC9-7C53-431B-8361-D7DD752C3473}"
EndProject
Global
	GlobalSection(SolutionConfigurationPlatforms) = preSolution
		Debug|Any CPU = Debug|Any CPU
		Release|Any CPU = Release|Any CPU
	EndGlobalSection
	GlobalSection(ProjectConfigurationPlatforms) = postSolution
		{8AF2ADC9-7C53-431B-8361-D7DD752C3473}.Debug|Any CPU.ActiveCfg = Debug|Any CPU
		{8AF2ADC9-7C53-431B-8361-D7DD752C3473}.Debug|Any CPU.Build.0 = Debug|Any CPU
		{8AF2ADC9-7C53-431B-8361-D7DD752C3473}.Release|Any CPU.ActiveCfg = Release|Any CPU
		{8AF2ADC9-7C53-431B-8361-D7DD752C3473}.Release|Any CPU.Build.0 = Release|Any CPU
	EndGlobalSection
	GlobalSection(SolutionProperties) = preSolution
		HideSolutionNode = FALSE
	EndGlobalSection
	GlobalSection(ExtensibilityGlobals) = postSolution
		SolutionGuid = {5229104A-097A-4A2B-A15B-9006A10D14BB}
	EndGlobalSection
EndGlobal
